
Microsoft Visual Studio Solution File, Format Version 12.00
# Visual Studio Version 17
VisualStudioVersion = 17.0.32014.148
MinimumVisualStudioVersion = 10.0.40219.1
Project("{FAE04EC0-301F-11D3-BF4B-00C04F79EFBC}") = "test", "test\test.csproj", "{83D7A56F-0719-4E84-A489-680C6DAE68C1}"
EndProject
Global
	GlobalSection(SolutionConfigurationPlatforms) = preSolution
		Debug|Any CPU = Debug|Any CPU
		Release|Any CPU = Release|Any CPU
	EndGlobalSection
	GlobalSection(ProjectConfigurationPlatforms) = postSolution
		{83D7A56F-0719-4E84-A489-680C6DAE68C1}.Debug|Any CPU.ActiveCfg = Debug|Any CPU
		{83D7A56F-0719-4E84-A489-680C6DAE68C1}.Debug|Any CPU.Build.0 = Debug|Any CPU
		{83D7A56F-0719-4E84-A489-680C6DAE68C1}.Release|Any CPU.ActiveCfg = Release|Any CPU
		{83D7A56F-0719-4E84-A489-680C6DAE68C1}.Release|Any CPU.Build.0 = Release|Any CPU
	EndGlobalSection
	GlobalSection(SolutionProperties) = preSolution
		HideSolutionNode = FALSE
	EndGlobalSection
	GlobalSection(ExtensibilityGlobals) = postSolution
		SolutionGuid = {9920DE5D-0C58-4EE0-B2E0-72CD7E919F3C}
	EndGlobalSection
EndGlobal
